{
  "name": "crypt",
  "version": "1.0.0",
  "lockfileVersion": 2,
  "requires": true,
  "packages": {
    "": {
      "name": "crypt",
      "version": "1.0.0",
      "license": "ISC",
      "dependencies": {
        "crypto-js": "^4.1.1",
        "fs": "^0.0.1-security",
        "hybrid-crypto-js": "^0.2.4"
      }
    },
    "node_modules/crypto-js": {
      "version": "4.1.1",
      "resolved": "https://registry.npmjs.org/crypto-js/-/crypto-js-4.1.1.tgz",
      "integrity": "sha512-o2JlM7ydqd3Qk9CA0L4NL6mTzU2sdx96a+oOfPu8Mkl/PK51vSyoi8/rQ8NknZtk44vq15lmhAj9CIAGwgeWKw=="
    },
    "node_modules/fs": {
      "version": "0.0.1-security",
      "resolved": "https://registry.npmjs.org/fs/-/fs-0.0.1-security.tgz",
      "integrity": "sha512-3XY9e1pP0CVEUCdj5BmfIZxRBTSDycnbqhIOGec9QYtmVH2fbLpj86CFWkrNOkt/Fvty4KZG5lTglL9j/gJ87w=="
    },
    "node_modules/hybrid-crypto-js": {
      "version": "0.2.4",
      "resolved": "https://registry.npmjs.org/hybrid-crypto-js/-/hybrid-crypto-js-0.2.4.tgz",
      "integrity": "sha512-lm4iQn14rApw/7yLOnd9eZu8JaxD8+BB34bQaZY7faKiT78tVjxSwOabOPO2LSIS0QMANhjMXNLNUXyuAJwYXw==",
      "dependencies": {
        "node-forge": "^0.8.5"
      }
    },
    "node_modules/node-forge": {
      "version": "0.8.5",
      "resolved": "https://registry.npmjs.org/node-forge/-/node-forge-0.8.5.tgz",
      "integrity": "sha512-vFMQIWt+J/7FLNyKouZ9TazT74PRV3wgv9UT4cRjC8BffxFbKXkgIWR42URCPSnHm/QDz6BOlb2Q0U4+VQT67Q==",
      "engines": {
        "node": ">= 4.5.0"
      }
    }
  },
  "dependencies": {
    "crypto-js": {
      "version": "4.1.1",
      "resolved": "https://registry.npmjs.org/crypto-js/-/crypto-js-4.1.1.tgz",
      "integrity": "sha512-o2JlM7ydqd3Qk9CA0L4NL6mTzU2sdx96a+oOfPu8Mkl/PK51vSyoi8/rQ8NknZtk44vq15lmhAj9CIAGwgeWKw=="
    },
    "fs": {
      "version": "0.0.1-security",
      "resolved": "https://registry.npmjs.org/fs/-/fs-0.0.1-security.tgz",
      "integrity": "sha512-3XY9e1pP0CVEUCdj5BmfIZxRBTSDycnbqhIOGec9QYtmVH2fbLpj86CFWkrNOkt/Fvty4KZG5lTglL9j/gJ87w=="
    },
    "hybrid-crypto-js": {
      "version": "0.2.4",
      "resolved": "https://registry.npmjs.org/hybrid-crypto-js/-/hybrid-crypto-js-0.2.4.tgz",
      "integrity": "sha512-lm4iQn14rApw/7yLOnd9eZu8JaxD8+BB34bQaZY7faKiT78tVjxSwOabOPO2LSIS0QMANhjMXNLNUXyuAJwYXw==",
      "requires": {
        "node-forge": "^0.8.5"
      }
    },
    "node-forge": {
      "version": "0.8.5",
      "resolved": "https://registry.npmjs.org/node-forge/-/node-forge-0.8.5.tgz",
      "integrity": "sha512-vFMQIWt+J/7FLNyKouZ9TazT74PRV3wgv9UT4cRjC8BffxFbKXkgIWR42URCPSnHm/QDz6BOlb2Q0U4+VQT67Q=="
    }
  }
}
